
Microsoft Visual Studio Solution File, Format Version 12.00
# Visual Studio 15
VisualStudioVersion = 15.0.26228.12
MinimumVisualStudioVersion = 10.0.40219.1
Project("{FAE04EC0-301F-11D3-BF4B-00C04F79EFBC}") = "PenappleWindowsApp", "PenappleWindowsApp\PenappleWindowsApp.csproj", "{AF6A987A-2E19-4CAC-9F96-7ED708BB7B2B}"
EndProject
Project("{FAE04EC0-301F-11D3-BF4B-00C04F79EFBC}") = "PenappleWindowsAppUnitTests", "PenappleWindowsAppUnitTests\PenappleWindowsAppUnitTests.csproj", "{F2021F45-EA5C-459D-B9D6-12BBC14190BA}"
EndProject
Global
	GlobalSection(SolutionConfigurationPlatforms) = preSolution
		Debug|Any CPU = Debug|Any CPU
		Debug|ARM = Debug|ARM
		Debug|x64 = Debug|x64
		Debug|x86 = Debug|x86
		Release|Any CPU = Release|Any CPU
		Release|ARM = Release|ARM
		Release|x64 = Release|x64
		Release|x86 = Release|x86
	EndGlobalSection
	GlobalSection(ProjectConfigurationPlatforms) = postSolution
		{AF6A987A-2E19-4CAC-9F96-7ED708BB7B2B}.Debug|Any CPU.ActiveCfg = Debug|x86
		{AF6A987A-2E19-4CAC-9F96-7ED708BB7B2B}.Debug|Any CPU.Build.0 = Debug|x86
		{AF6A987A-2E19-4CAC-9F96-7ED708BB7B2B}.Debug|Any CPU.Deploy.0 = Debug|x86
		{AF6A987A-2E19-4CAC-9F96-7ED708BB7B2B}.Debug|ARM.ActiveCfg = Debug|ARM
		{AF6A987A-2E19-4CAC-9F96-7ED708BB7B2B}.Debug|ARM.Build.0 = Debug|ARM
		{AF6A987A-2E19-4CAC-9F96-7ED708BB7B2B}.Debug|ARM.Deploy.0 = Debug|ARM
		{AF6A987A-2E19-4CAC-9F96-7ED708BB7B2B}.Debug|x64.ActiveCfg = Debug|x64
		{AF6A987A-2E19-4CAC-9F96-7ED708BB7B2B}.Debug|x64.Build.0 = Debug|x64
		{AF6A987A-2E19-4CAC-9F96-7ED708BB7B2B}.Debug|x64.Deploy.0 = Debug|x64
		{AF6A987A-2E19-4CAC-9F96-7ED708BB7B2B}.Debug|x86.ActiveCfg = Debug|x86
		{AF6A987A-2E19-4CAC-9F96-7ED708BB7B2B}.Debug|x86.Build.0 = Debug|x86
		{AF6A987A-2E19-4CAC-9F96-7ED708BB7B2B}.Debug|x86.Deploy.0 = Debug|x86
		{AF6A987A-2E19-4CAC-9F96-7ED708BB7B2B}.Release|Any CPU.ActiveCfg = Release|x86
		{AF6A987A-2E19-4CAC-9F96-7ED708BB7B2B}.Release|ARM.ActiveCfg = Release|ARM
		{AF6A987A-2E19-4CAC-9F96-7ED708BB7B2B}.Release|ARM.Build.0 = Release|ARM
		{AF6A987A-2E19-4CAC-9F96-7ED708BB7B2B}.Release|ARM.Deploy.0 = Release|ARM
		{AF6A987A-2E19-4CAC-9F96-7ED708BB7B2B}.Release|x64.ActiveCfg = Release|x64
		{AF6A987A-2E19-4CAC-9F96-7ED708BB7B2B}.Release|x64.Build.0 = Release|x64
		{AF6A987A-2E19-4CAC-9F96-7ED708BB7B2B}.Release|x64.Deploy.0 = Release|x64
		{AF6A987A-2E19-4CAC-9F96-7ED708BB7B2B}.Release|x86.ActiveCfg = Release|x86
		{AF6A987A-2E19-4CAC-9F96-7ED708BB7B2B}.Release|x86.Build.0 = Release|x86
		{AF6A987A-2E19-4CAC-9F96-7ED708BB7B2B}.Release|x86.Deploy.0 = Release|x86
		{F2021F45-EA5C-459D-B9D6-12BBC14190BA}.Debug|Any CPU.ActiveCfg = Debug|x86
		{F2021F45-EA5C-459D-B9D6-12BBC14190BA}.Debug|ARM.ActiveCfg = Debug|ARM
		{F2021F45-EA5C-459D-B9D6-12BBC14190BA}.Debug|ARM.Build.0 = Debug|ARM
		{F2021F45-EA5C-459D-B9D6-12BBC14190BA}.Debug|ARM.Deploy.0 = Debug|ARM
		{F2021F45-EA5C-459D-B9D6-12BBC14190BA}.Debug|x64.ActiveCfg = Debug|x64
		{F2021F45-EA5C-459D-B9D6-12BBC14190BA}.Debug|x64.Build.0 = Debug|x64
		{F2021F45-EA5C-459D-B9D6-12BBC14190BA}.Debug|x64.Deploy.0 = Debug|x64
		{F2021F45-EA5C-459D-B9D6-12BBC14190BA}.Debug|x86.ActiveCfg = Debug|x86
		{F2021F45-EA5C-459D-B9D6-12BBC14190BA}.Debug|x86.Build.0 = Debug|x86
		{F2021F45-EA5C-459D-B9D6-12BBC14190BA}.Debug|x86.Deploy.0 = Debug|x86
		{F2021F45-EA5C-459D-B9D6-12BBC14190BA}.Release|Any CPU.ActiveCfg = Release|x86
		{F2021F45-EA5C-459D-B9D6-12BBC14190BA}.Release|ARM.ActiveCfg = Release|ARM
		{F2021F45-EA5C-459D-B9D6-12BBC14190BA}.Release|ARM.Build.0 = Release|ARM
		{F2021F45-EA5C-459D-B9D6-12BBC14190BA}.Release|ARM.Deploy.0 = Release|ARM
		{F2021F45-EA5C-459D-B9D6-12BBC14190BA}.Release|x64.ActiveCfg = Release|x64
		{F2021F45-EA5C-459D-B9D6-12BBC14190BA}.Release|x64.Build.0 = Release|x64
		{F2021F45-EA5C-459D-B9D6-12BBC14190BA}.Release|x64.Deploy.0 = Release|x64
		{F2021F45-EA5C-459D-B9D6-12BBC14190BA}.Release|x86.ActiveCfg = Release|x86
		{F2021F45-EA5C-459D-B9D6-12BBC14190BA}.Release|x86.Build.0 = Release|x86
		{F2021F45-EA5C-459D-B9D6-12BBC14190BA}.Release|x86.Deploy.0 = Release|x86
	EndGlobalSection
	GlobalSection(SolutionProperties) = preSolution
		HideSolutionNode = FALSE
	EndGlobalSection
EndGlobal
